// !$*UTF8*$!
{
	archiveVersion = 1;
	classes = {
	};
	objectVersion = 46;
	objects = {

/* Begin PBXBuildFile section */
		7C1F09EA1D6F95B400D25F73 /* SimplePostCell.swift in Sources */ = {isa = PBXBuildFile; fileRef = 7C1F09E91D6F95B400D25F73 /* SimplePostCell.swift */; };
		7C24303E1D6BAC1C004D474A /* CommentTableViewCell.swift in Sources */ = {isa = PBXBuildFile; fileRef = 7C24303D1D6BAC1C004D474A /* CommentTableViewCell.swift */; };
		7C374FE11D69592C0089FCC8 /* FlickrImageCollectionViewCell.swift in Sources */ = {isa = PBXBuildFile; fileRef = 7C374FE01D69592C0089FCC8 /* FlickrImageCollectionViewCell.swift */; };
		7C374FE31D695D2E0089FCC8 /* Main.storyboard in Resources */ = {isa = PBXBuildFile; fileRef = 7C374FE21D695D2E0089FCC8 /* Main.storyboard */; };
		7C4B335B1D6E7C2400542778 /* SelectedCell.swift in Sources */ = {isa = PBXBuildFile; fileRef = 7C4B335A1D6E7C2400542778 /* SelectedCell.swift */; };
		7C58EEA31D669282007906BC /* Constants.swift in Sources */ = {isa = PBXBuildFile; fileRef = 7C58EEA11D669282007906BC /* Constants.swift */; };
		7C58EEA81D66A614007906BC /* TweetsTableViewController.swift in Sources */ = {isa = PBXBuildFile; fileRef = 7C58EEA71D66A614007906BC /* TweetsTableViewController.swift */; };
		7C5F31E41D4F936800F159B5 /* AppDelegate.swift in Sources */ = {isa = PBXBuildFile; fileRef = 7C5F31E31D4F936800F159B5 /* AppDelegate.swift */; };
		7C5F31EE1D4F936800F159B5 /* LaunchScreen.storyboard in Resources */ = {isa = PBXBuildFile; fileRef = 7C5F31EC1D4F936800F159B5 /* LaunchScreen.storyboard */; };
		7C5F31F61D4F93A800F159B5 /* Assets.xcassets in Resources */ = {isa = PBXBuildFile; fileRef = 7C5F31F51D4F93A800F159B5 /* Assets.xcassets */; };
		7C5F31FB1D4F95BD00F159B5 /* LastestPostsTableViewController.swift in Sources */ = {isa = PBXBuildFile; fileRef = 7C5F31FA1D4F95BD00F159B5 /* LastestPostsTableViewController.swift */; };
		7C5F31FD1D4F960200F159B5 /* SimplePostWithPhotoCell.swift in Sources */ = {isa = PBXBuildFile; fileRef = 7C5F31FC1D4F960200F159B5 /* SimplePostWithPhotoCell.swift */; };
		7C5F320D1D4FA2BE00F159B5 /* EVWordPressAPI.swift in Sources */ = {isa = PBXBuildFile; fileRef = 7C5F31FF1D4FA2BE00F159B5 /* EVWordPressAPI.swift */; };
		7C5F320E1D4FA2BE00F159B5 /* EVWordPressAPI_Comments.swift in Sources */ = {isa = PBXBuildFile; fileRef = 7C5F32001D4FA2BE00F159B5 /* EVWordPressAPI_Comments.swift */; };
		7C5F320F1D4FA2BE00F159B5 /* EVWordPressAPI_Follow.swift in Sources */ = {isa = PBXBuildFile; fileRef = 7C5F32011D4FA2BE00F159B5 /* EVWordPressAPI_Follow.swift */; };
		7C5F32101D4FA2BE00F159B5 /* EVWordPressAPI_FreshlyPressed.swift in Sources */ = {isa = PBXBuildFile; fileRef = 7C5F32021D4FA2BE00F159B5 /* EVWordPressAPI_FreshlyPressed.swift */; };
		7C5F32111D4FA2BE00F159B5 /* EVWordPressAPI_Insights.swift in Sources */ = {isa = PBXBuildFile; fileRef = 7C5F32031D4FA2BE00F159B5 /* EVWordPressAPI_Insights.swift */; };
		7C5F32121D4FA2BE00F159B5 /* EVWordPressAPI_Posts.swift in Sources */ = {isa = PBXBuildFile; fileRef = 7C5F32041D4FA2BE00F159B5 /* EVWordPressAPI_Posts.swift */; };
		7C5F32131D4FA2BE00F159B5 /* EVWordPressAPI_Reader.swift in Sources */ = {isa = PBXBuildFile; fileRef = 7C5F32051D4FA2BE00F159B5 /* EVWordPressAPI_Reader.swift */; };
		7C5F32141D4FA2BE00F159B5 /* EVWordPressAPI_Sites.swift in Sources */ = {isa = PBXBuildFile; fileRef = 7C5F32061D4FA2BE00F159B5 /* EVWordPressAPI_Sites.swift */; };
		7C5F32151D4FA2BE00F159B5 /* EVWordPressAPI_Stats.swift in Sources */ = {isa = PBXBuildFile; fileRef = 7C5F32071D4FA2BE00F159B5 /* EVWordPressAPI_Stats.swift */; };
		7C5F32161D4FA2BE00F159B5 /* EVWordPressAPI_Taxonomy.swift in Sources */ = {isa = PBXBuildFile; fileRef = 7C5F32081D4FA2BE00F159B5 /* EVWordPressAPI_Taxonomy.swift */; };
		7C5F32171D4FA2BE00F159B5 /* EVWordPressAPI_Users.swift in Sources */ = {isa = PBXBuildFile; fileRef = 7C5F32091D4FA2BE00F159B5 /* EVWordPressAPI_Users.swift */; };
		7C5F32181D4FA2BE00F159B5 /* EVWordpressData.swift in Sources */ = {isa = PBXBuildFile; fileRef = 7C5F320A1D4FA2BE00F159B5 /* EVWordpressData.swift */; };
		7C5F32191D4FA2BE00F159B5 /* EVWordpressParameters.swift in Sources */ = {isa = PBXBuildFile; fileRef = 7C5F320B1D4FA2BE00F159B5 /* EVWordpressParameters.swift */; };
		7C5F321A1D4FA2BE00F159B5 /* WordPressRequestConvertible.swift in Sources */ = {isa = PBXBuildFile; fileRef = 7C5F320C1D4FA2BE00F159B5 /* WordPressRequestConvertible.swift */; };
		7C63C87C1D5806F400B234A2 /* PostViewController.swift in Sources */ = {isa = PBXBuildFile; fileRef = 7C63C87B1D5806F400B234A2 /* PostViewController.swift */; };
		7C6449771D6A9DE100F9D253 /* CommentsViewController.swift in Sources */ = {isa = PBXBuildFile; fileRef = 7C6449761D6A9DE100F9D253 /* CommentsViewController.swift */; };
		7C6449791D6A9DF900F9D253 /* AuthorViewController.swift in Sources */ = {isa = PBXBuildFile; fileRef = 7C6449781D6A9DF900F9D253 /* AuthorViewController.swift */; };
		7C6B54C61D6D371000C74AF7 /* Utils.swift in Sources */ = {isa = PBXBuildFile; fileRef = 7C6B54C51D6D371000C74AF7 /* Utils.swift */; };
		7C6B54C81D6D4B3E00C74AF7 /* GFloatExtension.swift in Sources */ = {isa = PBXBuildFile; fileRef = 7C6B54C71D6D4B3E00C74AF7 /* GFloatExtension.swift */; };
		7C73102F1D67C22D000706C1 /* LICENSE.txt in Resources */ = {isa = PBXBuildFile; fileRef = 7C73101A1D67C22D000706C1 /* LICENSE.txt */; };
		7C7310301D67C22D000706C1 /* OpenSans-Bold.ttf in Resources */ = {isa = PBXBuildFile; fileRef = 7C73101B1D67C22D000706C1 /* OpenSans-Bold.ttf */; };
		7C7310311D67C22D000706C1 /* OpenSans-BoldItalic.ttf in Resources */ = {isa = PBXBuildFile; fileRef = 7C73101C1D67C22D000706C1 /* OpenSans-BoldItalic.ttf */; };
		7C7310321D67C22D000706C1 /* OpenSans-ExtraBold.ttf in Resources */ = {isa = PBXBuildFile; fileRef = 7C73101D1D67C22D000706C1 /* OpenSans-ExtraBold.ttf */; };
		7C7310331D67C22D000706C1 /* OpenSans-ExtraBoldItalic.ttf in Resources */ = {isa = PBXBuildFile; fileRef = 7C73101E1D67C22D000706C1 /* OpenSans-ExtraBoldItalic.ttf */; };
		7C7310341D67C22D000706C1 /* OpenSans-Italic.ttf in Resources */ = {isa = PBXBuildFile; fileRef = 7C73101F1D67C22D000706C1 /* OpenSans-Italic.ttf */; };
		7C7310351D67C22D000706C1 /* OpenSans-Light.ttf in Resources */ = {isa = PBXBuildFile; fileRef = 7C7310201D67C22D000706C1 /* OpenSans-Light.ttf */; };
		7C7310361D67C22D000706C1 /* OpenSans-LightItalic.ttf in Resources */ = {isa = PBXBuildFile; fileRef = 7C7310211D67C22D000706C1 /* OpenSans-LightItalic.ttf */; };
		7C7310371D67C22D000706C1 /* OpenSans-Regular.ttf in Resources */ = {isa = PBXBuildFile; fileRef = 7C7310221D67C22D000706C1 /* OpenSans-Regular.ttf */; };
		7C7310381D67C22D000706C1 /* OpenSans-Semibold.ttf in Resources */ = {isa = PBXBuildFile; fileRef = 7C7310231D67C22D000706C1 /* OpenSans-Semibold.ttf */; };
		7C7310391D67C22D000706C1 /* OpenSans-SemiboldItalic.ttf in Resources */ = {isa = PBXBuildFile; fileRef = 7C7310241D67C22D000706C1 /* OpenSans-SemiboldItalic.ttf */; };
		7C7310471D692550000706C1 /* Flickr.swift in Sources */ = {isa = PBXBuildFile; fileRef = 7C7310461D692550000706C1 /* Flickr.swift */; };
		7C73104B1D692E82000706C1 /* FlickrCollectionViewController.swift in Sources */ = {isa = PBXBuildFile; fileRef = 7C73104A1D692E82000706C1 /* FlickrCollectionViewController.swift */; };
		7C73104E1D692F2B000706C1 /* FlickrPhoto.swift in Sources */ = {isa = PBXBuildFile; fileRef = 7C73104D1D692F2B000706C1 /* FlickrPhoto.swift */; };
		7C8772251D5412600057F5E8 /* StringExtension.swift in Sources */ = {isa = PBXBuildFile; fileRef = 7C8772241D5412600057F5E8 /* StringExtension.swift */; };
		7C892BD61D5C19DA00C59561 /* PostContentStyle.css in Resources */ = {isa = PBXBuildFile; fileRef = 7C892BD51D5C19DA00C59561 /* PostContentStyle.css */; };
		7CADA4631D7116DF00004C9F /* Wordpress.swift in Sources */ = {isa = PBXBuildFile; fileRef = 7CADA4621D7116DF00004C9F /* Wordpress.swift */; };
		7CD7E1121D6F856E00A6340A /* UIImageExtension.swift in Sources */ = {isa = PBXBuildFile; fileRef = 7CD7E1111D6F856E00A6340A /* UIImageExtension.swift */; };
		7CF5ED3A1D6E7203003EB6AE /* PostsWebservice.swift in Sources */ = {isa = PBXBuildFile; fileRef = 7CF5ED391D6E7203003EB6AE /* PostsWebservice.swift */; };
		A540CBE7D14619EAA42BCD26 /* Pods_MyCanadianBlog.framework in Frameworks */ = {isa = PBXBuildFile; fileRef = 573ECD83A95167190778901F /* Pods_MyCanadianBlog.framework */; };
/* End PBXBuildFile section */

/* Begin PBXFileReference section */
		573ECD83A95167190778901F /* Pods_MyCanadianBlog.framework */ = {isa = PBXFileReference; explicitFileType = wrapper.framework; includeInIndex = 0; path = Pods_MyCanadianBlog.framework; sourceTree = BUILT_PRODUCTS_DIR; };
		7527BB45A4C7B9D9B873B49D /* Pods-MyCanadianBlog.release.xcconfig */ = {isa = PBXFileReference; includeInIndex = 1; lastKnownFileType = text.xcconfig; name = "Pods-MyCanadianBlog.release.xcconfig"; path = "Pods/Target Support Files/Pods-MyCanadianBlog/Pods-MyCanadianBlog.release.xcconfig"; sourceTree = "<group>"; };
		7C1F09E91D6F95B400D25F73 /* SimplePostCell.swift */ = {isa = PBXFileReference; fileEncoding = 4; lastKnownFileType = sourcecode.swift; name = SimplePostCell.swift; path = Views/SimplePostCell.swift; sourceTree = "<group>"; };
		7C24303D1D6BAC1C004D474A /* CommentTableViewCell.swift */ = {isa = PBXFileReference; fileEncoding = 4; lastKnownFileType = sourcecode.swift; name = CommentTableViewCell.swift; path = Views/CommentTableViewCell.swift; sourceTree = "<group>"; };
		7C374FE01D69592C0089FCC8 /* FlickrImageCollectionViewCell.swift */ = {isa = PBXFileReference; fileEncoding = 4; lastKnownFileType = sourcecode.swift; name = FlickrImageCollectionViewCell.swift; path = Views/FlickrImageCollectionViewCell.swift; sourceTree = "<group>"; };
		7C374FE21D695D2E0089FCC8 /* Main.storyboard */ = {isa = PBXFileReference; fileEncoding = 4; lastKnownFileType = file.storyboard; path = Main.storyboard; sourceTree = "<group>"; };
		7C4B335A1D6E7C2400542778 /* SelectedCell.swift */ = {isa = PBXFileReference; fileEncoding = 4; lastKnownFileType = sourcecode.swift; name = SelectedCell.swift; path = Models/SelectedCell.swift; sourceTree = "<group>"; };
		7C58EEA11D669282007906BC /* Constants.swift */ = {isa = PBXFileReference; fileEncoding = 4; lastKnownFileType = sourcecode.swift; name = Constants.swift; path = Constants/Constants.swift; sourceTree = "<group>"; };
		7C58EEA71D66A614007906BC /* TweetsTableViewController.swift */ = {isa = PBXFileReference; fileEncoding = 4; lastKnownFileType = sourcecode.swift; name = TweetsTableViewController.swift; path = Views/TweetsTableViewController.swift; sourceTree = "<group>"; };
		7C5F31E01D4F936800F159B5 /* MyCanadianBlog.app */ = {isa = PBXFileReference; explicitFileType = wrapper.application; includeInIndex = 0; path = MyCanadianBlog.app; sourceTree = BUILT_PRODUCTS_DIR; };
		7C5F31E31D4F936800F159B5 /* AppDelegate.swift */ = {isa = PBXFileReference; lastKnownFileType = sourcecode.swift; path = AppDelegate.swift; sourceTree = "<group>"; };
		7C5F31ED1D4F936800F159B5 /* Base */ = {isa = PBXFileReference; lastKnownFileType = file.storyboard; name = Base; path = Base.lproj/LaunchScreen.storyboard; sourceTree = "<group>"; };
		7C5F31EF1D4F936800F159B5 /* Info.plist */ = {isa = PBXFileReference; lastKnownFileType = text.plist.xml; path = Info.plist; sourceTree = "<group>"; };
		7C5F31F51D4F93A800F159B5 /* Assets.xcassets */ = {isa = PBXFileReference; lastKnownFileType = folder.assetcatalog; path = Assets.xcassets; sourceTree = "<group>"; };
		7C5F31FA1D4F95BD00F159B5 /* LastestPostsTableViewController.swift */ = {isa = PBXFileReference; fileEncoding = 4; lastKnownFileType = sourcecode.swift; name = LastestPostsTableViewController.swift; path = Views/LastestPostsTableViewController.swift; sourceTree = "<group>"; };
		7C5F31FC1D4F960200F159B5 /* SimplePostWithPhotoCell.swift */ = {isa = PBXFileReference; fileEncoding = 4; lastKnownFileType = sourcecode.swift; name = SimplePostWithPhotoCell.swift; path = Views/SimplePostWithPhotoCell.swift; sourceTree = "<group>"; };
		7C5F31FF1D4FA2BE00F159B5 /* EVWordPressAPI.swift */ = {isa = PBXFileReference; fileEncoding = 4; lastKnownFileType = sourcecode.swift; path = EVWordPressAPI.swift; sourceTree = "<group>"; };
		7C5F32001D4FA2BE00F159B5 /* EVWordPressAPI_Comments.swift */ = {isa = PBXFileReference; fileEncoding = 4; lastKnownFileType = sourcecode.swift; path = EVWordPressAPI_Comments.swift; sourceTree = "<group>"; };
		7C5F32011D4FA2BE00F159B5 /* EVWordPressAPI_Follow.swift */ = {isa = PBXFileReference; fileEncoding = 4; lastKnownFileType = sourcecode.swift; path = EVWordPressAPI_Follow.swift; sourceTree = "<group>"; };
		7C5F32021D4FA2BE00F159B5 /* EVWordPressAPI_FreshlyPressed.swift */ = {isa = PBXFileReference; fileEncoding = 4; lastKnownFileType = sourcecode.swift; path = EVWordPressAPI_FreshlyPressed.swift; sourceTree = "<group>"; };
		7C5F32031D4FA2BE00F159B5 /* EVWordPressAPI_Insights.swift */ = {isa = PBXFileReference; fileEncoding = 4; lastKnownFileType = sourcecode.swift; path = EVWordPressAPI_Insights.swift; sourceTree = "<group>"; };
		7C5F32041D4FA2BE00F159B5 /* EVWordPressAPI_Posts.swift */ = {isa = PBXFileReference; fileEncoding = 4; lastKnownFileType = sourcecode.swift; path = EVWordPressAPI_Posts.swift; sourceTree = "<group>"; };
		7C5F32051D4FA2BE00F159B5 /* EVWordPressAPI_Reader.swift */ = {isa = PBXFileReference; fileEncoding = 4; lastKnownFileType = sourcecode.swift; path = EVWordPressAPI_Reader.swift; sourceTree = "<group>"; };
		7C5F32061D4FA2BE00F159B5 /* EVWordPressAPI_Sites.swift */ = {isa = PBXFileReference; fileEncoding = 4; lastKnownFileType = sourcecode.swift; path = EVWordPressAPI_Sites.swift; sourceTree = "<group>"; };
		7C5F32071D4FA2BE00F159B5 /* EVWordPressAPI_Stats.swift */ = {isa = PBXFileReference; fileEncoding = 4; lastKnownFileType = sourcecode.swift; path = EVWordPressAPI_Stats.swift; sourceTree = "<group>"; };
		7C5F32081D4FA2BE00F159B5 /* EVWordPressAPI_Taxonomy.swift */ = {isa = PBXFileReference; fileEncoding = 4; lastKnownFileType = sourcecode.swift; path = EVWordPressAPI_Taxonomy.swift; sourceTree = "<group>"; };
		7C5F32091D4FA2BE00F159B5 /* EVWordPressAPI_Users.swift */ = {isa = PBXFileReference; fileEncoding = 4; lastKnownFileType = sourcecode.swift; path = EVWordPressAPI_Users.swift; sourceTree = "<group>"; };
		7C5F320A1D4FA2BE00F159B5 /* EVWordpressData.swift */ = {isa = PBXFileReference; fileEncoding = 4; lastKnownFileType = sourcecode.swift; path = EVWordpressData.swift; sourceTree = "<group>"; };
		7C5F320B1D4FA2BE00F159B5 /* EVWordpressParameters.swift */ = {isa = PBXFileReference; fileEncoding = 4; lastKnownFileType = sourcecode.swift; path = EVWordpressParameters.swift; sourceTree = "<group>"; };
		7C5F320C1D4FA2BE00F159B5 /* WordPressRequestConvertible.swift */ = {isa = PBXFileReference; fileEncoding = 4; lastKnownFileType = sourcecode.swift; path = WordPressRequestConvertible.swift; sourceTree = "<group>"; };
		7C63C87B1D5806F400B234A2 /* PostViewController.swift */ = {isa = PBXFileReference; fileEncoding = 4; lastKnownFileType = sourcecode.swift; name = PostViewController.swift; path = Views/PostViewController.swift; sourceTree = "<group>"; };
		7C6449761D6A9DE100F9D253 /* CommentsViewController.swift */ = {isa = PBXFileReference; fileEncoding = 4; lastKnownFileType = sourcecode.swift; name = CommentsViewController.swift; path = Views/CommentsViewController.swift; sourceTree = "<group>"; };
		7C6449781D6A9DF900F9D253 /* AuthorViewController.swift */ = {isa = PBXFileReference; fileEncoding = 4; lastKnownFileType = sourcecode.swift; name = AuthorViewController.swift; path = Views/AuthorViewController.swift; sourceTree = "<group>"; };
		7C6B54C51D6D371000C74AF7 /* Utils.swift */ = {isa = PBXFileReference; fileEncoding = 4; lastKnownFileType = sourcecode.swift; path = Utils.swift; sourceTree = "<group>"; };
		7C6B54C71D6D4B3E00C74AF7 /* GFloatExtension.swift */ = {isa = PBXFileReference; fileEncoding = 4; lastKnownFileType = sourcecode.swift; name = GFloatExtension.swift; path = Extensions/GFloatExtension.swift; sourceTree = "<group>"; };
		7C73101A1D67C22D000706C1 /* LICENSE.txt */ = {isa = PBXFileReference; fileEncoding = 4; lastKnownFileType = text; path = LICENSE.txt; sourceTree = "<group>"; };
		7C73101B1D67C22D000706C1 /* OpenSans-Bold.ttf */ = {isa = PBXFileReference; lastKnownFileType = file; path = "OpenSans-Bold.ttf"; sourceTree = "<group>"; };
		7C73101C1D67C22D000706C1 /* OpenSans-BoldItalic.ttf */ = {isa = PBXFileReference; lastKnownFileType = file; path = "OpenSans-BoldItalic.ttf"; sourceTree = "<group>"; };
		7C73101D1D67C22D000706C1 /* OpenSans-ExtraBold.ttf */ = {isa = PBXFileReference; lastKnownFileType = file; path = "OpenSans-ExtraBold.ttf"; sourceTree = "<group>"; };
		7C73101E1D67C22D000706C1 /* OpenSans-ExtraBoldItalic.ttf */ = {isa = PBXFileReference; lastKnownFileType = file; path = "OpenSans-ExtraBoldItalic.ttf"; sourceTree = "<group>"; };
		7C73101F1D67C22D000706C1 /* OpenSans-Italic.ttf */ = {isa = PBXFileReference; lastKnownFileType = file; path = "OpenSans-Italic.ttf"; sourceTree = "<group>"; };
		7C7310201D67C22D000706C1 /* OpenSans-Light.ttf */ = {isa = PBXFileReference; lastKnownFileType = file; path = "OpenSans-Light.ttf"; sourceTree = "<group>"; };
		7C7310211D67C22D000706C1 /* OpenSans-LightItalic.ttf */ = {isa = PBXFileReference; lastKnownFileType = file; path = "OpenSans-LightItalic.ttf"; sourceTree = "<group>"; };
		7C7310221D67C22D000706C1 /* OpenSans-Regular.ttf */ = {isa = PBXFileReference; lastKnownFileType = file; path = "OpenSans-Regular.ttf"; sourceTree = "<group>"; };
		7C7310231D67C22D000706C1 /* OpenSans-Semibold.ttf */ = {isa = PBXFileReference; lastKnownFileType = file; path = "OpenSans-Semibold.ttf"; sourceTree = "<group>"; };
		7C7310241D67C22D000706C1 /* OpenSans-SemiboldItalic.ttf */ = {isa = PBXFileReference; lastKnownFileType = file; path = "OpenSans-SemiboldItalic.ttf"; sourceTree = "<group>"; };
		7C7310461D692550000706C1 /* Flickr.swift */ = {isa = PBXFileReference; fileEncoding = 4; lastKnownFileType = sourcecode.swift; name = Flickr.swift; path = Constants/Flickr.swift; sourceTree = "<group>"; };
		7C73104A1D692E82000706C1 /* FlickrCollectionViewController.swift */ = {isa = PBXFileReference; fileEncoding = 4; lastKnownFileType = sourcecode.swift; name = FlickrCollectionViewController.swift; path = Views/FlickrCollectionViewController.swift; sourceTree = "<group>"; };
		7C73104D1D692F2B000706C1 /* FlickrPhoto.swift */ = {isa = PBXFileReference; fileEncoding = 4; lastKnownFileType = sourcecode.swift; name = FlickrPhoto.swift; path = Models/FlickrPhoto.swift; sourceTree = "<group>"; };
		7C8772241D5412600057F5E8 /* StringExtension.swift */ = {isa = PBXFileReference; fileEncoding = 4; lastKnownFileType = sourcecode.swift; name = StringExtension.swift; path = Extensions/StringExtension.swift; sourceTree = "<group>"; };
		7C892BD51D5C19DA00C59561 /* PostContentStyle.css */ = {isa = PBXFileReference; fileEncoding = 4; lastKnownFileType = text.css; name = PostContentStyle.css; path = Ressources/css/PostContentStyle.css; sourceTree = "<group>"; };
		7CA3190D1D5170D600386A88 /* MCB-Bridging-Header.h */ = {isa = PBXFileReference; lastKnownFileType = sourcecode.c.h; path = "MCB-Bridging-Header.h"; sourceTree = "<group>"; };
		7CADA4621D7116DF00004C9F /* Wordpress.swift */ = {isa = PBXFileReference; fileEncoding = 4; lastKnownFileType = sourcecode.swift; name = Wordpress.swift; path = Constants/Wordpress.swift; sourceTree = "<group>"; };
		7CD7E1111D6F856E00A6340A /* UIImageExtension.swift */ = {isa = PBXFileReference; fileEncoding = 4; lastKnownFileType = sourcecode.swift; name = UIImageExtension.swift; path = Extensions/UIImageExtension.swift; sourceTree = "<group>"; };
		7CF5ED391D6E7203003EB6AE /* PostsWebservice.swift */ = {isa = PBXFileReference; fileEncoding = 4; lastKnownFileType = sourcecode.swift; name = PostsWebservice.swift; path = Webservice/PostsWebservice.swift; sourceTree = "<group>"; };
		B2E8304E5560FE2EB3CB2388 /* Pods-MyCanadianBlog.debug.xcconfig */ = {isa = PBXFileReference; includeInIndex = 1; lastKnownFileType = text.xcconfig; name = "Pods-MyCanadianBlog.debug.xcconfig"; path = "Pods/Target Support Files/Pods-MyCanadianBlog/Pods-MyCanadianBlog.debug.xcconfig"; sourceTree = "<group>"; };
/* End PBXFileReference section */

/* Begin PBXFrameworksBuildPhase section */
		7C5F31DD1D4F936800F159B5 /* Frameworks */ = {
			isa = PBXFrameworksBuildPhase;
			buildActionMask = 2147483647;
			files = (
				A540CBE7D14619EAA42BCD26 /* Pods_MyCanadianBlog.framework in Frameworks */,
			);
			runOnlyForDeploymentPostprocessing = 0;
		};
/* End PBXFrameworksBuildPhase section */

/* Begin PBXGroup section */
		7C24303C1D6BAA91004D474A /* cells */ = {
			isa = PBXGroup;
			children = (
				7C5F31FC1D4F960200F159B5 /* SimplePostWithPhotoCell.swift */,
				7C1F09E91D6F95B400D25F73 /* SimplePostCell.swift */,
				7C374FE01D69592C0089FCC8 /* FlickrImageCollectionViewCell.swift */,
				7C24303D1D6BAC1C004D474A /* CommentTableViewCell.swift */,
			);
			name = cells;
			sourceTree = "<group>";
		};
		7C5F31D71D4F936800F159B5 = {
			isa = PBXGroup;
			children = (
				7C5F31E21D4F936800F159B5 /* MyCanadianBlog */,
				7C5F31E11D4F936800F159B5 /* Products */,
				9162EA8BD87BE80F5A674C96 /* Pods */,
				C216AD54B209A757720337EC /* Frameworks */,
			);
			sourceTree = "<group>";
		};
		7C5F31E11D4F936800F159B5 /* Products */ = {
			isa = PBXGroup;
			children = (
				7C5F31E01D4F936800F159B5 /* MyCanadianBlog.app */,
			);
			name = Products;
			sourceTree = "<group>";
		};
		7C5F31E21D4F936800F159B5 /* MyCanadianBlog */ = {
			isa = PBXGroup;
			children = (
				7C8772231D5412230057F5E8 /* Extensions */,
				7C6F5CF81D540A9C006B32B7 /* Ressources */,
				7C5F321B1D4FA37700F159B5 /* Constatns */,
				7C5F31FE1D4FA2BE00F159B5 /* EVWordPressAPI */,
				7C5F31F71D4F951B00F159B5 /* Views */,
				7C73104C1D692EF8000706C1 /* Models */,
				7CF5ED381D6E71B1003EB6AE /* webservice */,
				7C5F31E31D4F936800F159B5 /* AppDelegate.swift */,
				7C6B54C51D6D371000C74AF7 /* Utils.swift */,
				7C5F31F51D4F93A800F159B5 /* Assets.xcassets */,
				7CA3190D1D5170D600386A88 /* MCB-Bridging-Header.h */,
				7C374FE21D695D2E0089FCC8 /* Main.storyboard */,
				7C5F31EC1D4F936800F159B5 /* LaunchScreen.storyboard */,
				7C5F31EF1D4F936800F159B5 /* Info.plist */,
			);
			path = MyCanadianBlog;
			sourceTree = "<group>";
		};
		7C5F31F71D4F951B00F159B5 /* Views */ = {
			isa = PBXGroup;
			children = (
				7C24303C1D6BAA91004D474A /* cells */,
				7C5F31FA1D4F95BD00F159B5 /* LastestPostsTableViewController.swift */,
				7C63C87B1D5806F400B234A2 /* PostViewController.swift */,
				7C58EEA71D66A614007906BC /* TweetsTableViewController.swift */,
				7C73104A1D692E82000706C1 /* FlickrCollectionViewController.swift */,
				7C6449761D6A9DE100F9D253 /* CommentsViewController.swift */,
				7C6449781D6A9DF900F9D253 /* AuthorViewController.swift */,
			);
			name = Views;
			sourceTree = "<group>";
		};
		7C5F31FE1D4FA2BE00F159B5 /* EVWordPressAPI */ = {
			isa = PBXGroup;
			children = (
				7C5F31FF1D4FA2BE00F159B5 /* EVWordPressAPI.swift */,
				7C5F32001D4FA2BE00F159B5 /* EVWordPressAPI_Comments.swift */,
				7C5F32011D4FA2BE00F159B5 /* EVWordPressAPI_Follow.swift */,
				7C5F32021D4FA2BE00F159B5 /* EVWordPressAPI_FreshlyPressed.swift */,
				7C5F32031D4FA2BE00F159B5 /* EVWordPressAPI_Insights.swift */,
				7C5F32041D4FA2BE00F159B5 /* EVWordPressAPI_Posts.swift */,
				7C5F32051D4FA2BE00F159B5 /* EVWordPressAPI_Reader.swift */,
				7C5F32061D4FA2BE00F159B5 /* EVWordPressAPI_Sites.swift */,
				7C5F32071D4FA2BE00F159B5 /* EVWordPressAPI_Stats.swift */,
				7C5F32081D4FA2BE00F159B5 /* EVWordPressAPI_Taxonomy.swift */,
				7C5F32091D4FA2BE00F159B5 /* EVWordPressAPI_Users.swift */,
				7C5F320A1D4FA2BE00F159B5 /* EVWordpressData.swift */,
				7C5F320B1D4FA2BE00F159B5 /* EVWordpressParameters.swift */,
				7C5F320C1D4FA2BE00F159B5 /* WordPressRequestConvertible.swift */,
			);
			path = EVWordPressAPI;
			sourceTree = "<group>";
		};
		7C5F321B1D4FA37700F159B5 /* Constatns */ = {
			isa = PBXGroup;
			children = (
				7C58EEA11D669282007906BC /* Constants.swift */,
				7C7310461D692550000706C1 /* Flickr.swift */,
				7CADA4621D7116DF00004C9F /* Wordpress.swift */,
			);
			name = Constatns;
			sourceTree = "<group>";
		};
		7C6F5CF81D540A9C006B32B7 /* Ressources */ = {
			isa = PBXGroup;
			children = (
				7C7310141D67C0A0000706C1 /* fonts */,
				7C6F5CF91D540AAF006B32B7 /* css */,
			);
			name = Ressources;
			sourceTree = "<group>";
		};
		7C6F5CF91D540AAF006B32B7 /* css */ = {
			isa = PBXGroup;
			children = (
				7C892BD51D5C19DA00C59561 /* PostContentStyle.css */,
			);
			name = css;
			sourceTree = "<group>";
		};
		7C7310141D67C0A0000706C1 /* fonts */ = {
			isa = PBXGroup;
			children = (
				7C7310191D67C22D000706C1 /* Open_Sans */,
			);
			name = fonts;
			sourceTree = "<group>";
		};
		7C7310191D67C22D000706C1 /* Open_Sans */ = {
			isa = PBXGroup;
			children = (
				7C73101A1D67C22D000706C1 /* LICENSE.txt */,
				7C73101B1D67C22D000706C1 /* OpenSans-Bold.ttf */,
				7C73101C1D67C22D000706C1 /* OpenSans-BoldItalic.ttf */,
				7C73101D1D67C22D000706C1 /* OpenSans-ExtraBold.ttf */,
				7C73101E1D67C22D000706C1 /* OpenSans-ExtraBoldItalic.ttf */,
				7C73101F1D67C22D000706C1 /* OpenSans-Italic.ttf */,
				7C7310201D67C22D000706C1 /* OpenSans-Light.ttf */,
				7C7310211D67C22D000706C1 /* OpenSans-LightItalic.ttf */,
				7C7310221D67C22D000706C1 /* OpenSans-Regular.ttf */,
				7C7310231D67C22D000706C1 /* OpenSans-Semibold.ttf */,
				7C7310241D67C22D000706C1 /* OpenSans-SemiboldItalic.ttf */,
			);
			path = Open_Sans;
			sourceTree = "<group>";
		};
		7C73104C1D692EF8000706C1 /* Models */ = {
			isa = PBXGroup;
			children = (
				7C73104D1D692F2B000706C1 /* FlickrPhoto.swift */,
				7C4B335A1D6E7C2400542778 /* SelectedCell.swift */,
			);
			name = Models;
			sourceTree = "<group>";
		};
		7C8772231D5412230057F5E8 /* Extensions */ = {
			isa = PBXGroup;
			children = (
				7C8772241D5412600057F5E8 /* StringExtension.swift */,
				7C6B54C71D6D4B3E00C74AF7 /* GFloatExtension.swift */,
				7CD7E1111D6F856E00A6340A /* UIImageExtension.swift */,
			);
			name = Extensions;
			sourceTree = "<group>";
		};
		7CF5ED381D6E71B1003EB6AE /* webservice */ = {
			isa = PBXGroup;
			children = (
				7CF5ED391D6E7203003EB6AE /* PostsWebservice.swift */,
			);
			name = webservice;
			sourceTree = "<group>";
		};
		9162EA8BD87BE80F5A674C96 /* Pods */ = {
			isa = PBXGroup;
			children = (
				B2E8304E5560FE2EB3CB2388 /* Pods-MyCanadianBlog.debug.xcconfig */,
				7527BB45A4C7B9D9B873B49D /* Pods-MyCanadianBlog.release.xcconfig */,
			);
			name = Pods;
			sourceTree = "<group>";
		};
		C216AD54B209A757720337EC /* Frameworks */ = {
			isa = PBXGroup;
			children = (
				573ECD83A95167190778901F /* Pods_MyCanadianBlog.framework */,
			);
			name = Frameworks;
			sourceTree = "<group>";
		};
/* End PBXGroup section */

/* Begin PBXNativeTarget section */
		7C5F31DF1D4F936800F159B5 /* MyCanadianBlog */ = {
			isa = PBXNativeTarget;
			buildConfigurationList = 7C5F31F21D4F936800F159B5 /* Build configuration list for PBXNativeTarget "MyCanadianBlog" */;
			buildPhases = (
				4A68E41AC72406754EF9D3F5 /* [CP] Check Pods Manifest.lock */,
				7C5F31DC1D4F936800F159B5 /* Sources */,
				7C5F31DD1D4F936800F159B5 /* Frameworks */,
				7C6449721D6A59C500F9D253 /* ShellScript */,
				7C5F31DE1D4F936800F159B5 /* Resources */,
				48DAAFEB70E77CF1F9E3C282 /* [CP] Embed Pods Frameworks */,
				0EB03E8B3E4D43C77116A961 /* [CP] Copy Pods Resources */,
				7CA319001D51645B00386A88 /* ShellScript */,
			);
			buildRules = (
			);
			dependencies = (
			);
			name = MyCanadianBlog;
			productName = MyCanadianBlog;
			productReference = 7C5F31E01D4F936800F159B5 /* MyCanadianBlog.app */;
			productType = "com.apple.product-type.application";
		};
/* End PBXNativeTarget section */

/* Begin PBXProject section */
		7C5F31D81D4F936800F159B5 /* Project object */ = {
			isa = PBXProject;
			attributes = {
				LastSwiftUpdateCheck = 0730;
				LastUpgradeCheck = 0730;
				ORGANIZATIONNAME = "Romain Margheriti";
				TargetAttributes = {
					7C5F31DF1D4F936800F159B5 = {
						CreatedOnToolsVersion = 7.3.1;
						DevelopmentTeam = 4HF5FQTKZC;
						SystemCapabilities = {
							com.apple.Push = {
								enabled = 1;
							};
						};
					};
				};
			};
			buildConfigurationList = 7C5F31DB1D4F936800F159B5 /* Build configuration list for PBXProject "MyCanadianBlog" */;
			compatibilityVersion = "Xcode 3.2";
			developmentRegion = English;
			hasScannedForEncodings = 0;
			knownRegions = (
				en,
				Base,
			);
			mainGroup = 7C5F31D71D4F936800F159B5;
			productRefGroup = 7C5F31E11D4F936800F159B5 /* Products */;
			projectDirPath = "";
			projectRoot = "";
			targets = (
				7C5F31DF1D4F936800F159B5 /* MyCanadianBlog */,
			);
		};
/* End PBXProject section */

/* Begin PBXResourcesBuildPhase section */
		7C5F31DE1D4F936800F159B5 /* Resources */ = {
			isa = PBXResourcesBuildPhase;
			buildActionMask = 2147483647;
			files = (
				7C7310391D67C22D000706C1 /* OpenSans-SemiboldItalic.ttf in Resources */,
				7C73102F1D67C22D000706C1 /* LICENSE.txt in Resources */,
				7C7310341D67C22D000706C1 /* OpenSans-Italic.ttf in Resources */,
				7C7310301D67C22D000706C1 /* OpenSans-Bold.ttf in Resources */,
				7C7310321D67C22D000706C1 /* OpenSans-ExtraBold.ttf in Resources */,
				7C5F31EE1D4F936800F159B5 /* LaunchScreen.storyboard in Resources */,
				7C7310351D67C22D000706C1 /* OpenSans-Light.ttf in Resources */,
				7C5F31F61D4F93A800F159B5 /* Assets.xcassets in Resources */,
				7C7310381D67C22D000706C1 /* OpenSans-Semibold.ttf in Resources */,
				7C7310331D67C22D000706C1 /* OpenSans-ExtraBoldItalic.ttf in Resources */,
				7C374FE31D695D2E0089FCC8 /* Main.storyboard in Resources */,
				7C7310371D67C22D000706C1 /* OpenSans-Regular.ttf in Resources */,
				7C7310311D67C22D000706C1 /* OpenSans-BoldItalic.ttf in Resources */,
				7C7310361D67C22D000706C1 /* OpenSans-LightItalic.ttf in Resources */,
				7C892BD61D5C19DA00C59561 /* PostContentStyle.css in Resources */,
			);
			runOnlyForDeploymentPostprocessing = 0;
		};
/* End PBXResourcesBuildPhase section */

/* Begin PBXShellScriptBuildPhase section */
		0EB03E8B3E4D43C77116A961 /* [CP] Copy Pods Resources */ = {
			isa = PBXShellScriptBuildPhase;
			buildActionMask = 2147483647;
			files = (
			);
			inputPaths = (
			);
			name = "[CP] Copy Pods Resources";
			outputPaths = (
			);
			runOnlyForDeploymentPostprocessing = 0;
			shellPath = /bin/sh;
			shellScript = "\"${SRCROOT}/Pods/Target Support Files/Pods-MyCanadianBlog/Pods-MyCanadianBlog-resources.sh\"\n";
			showEnvVarsInLog = 0;
		};
		48DAAFEB70E77CF1F9E3C282 /* [CP] Embed Pods Frameworks */ = {
			isa = PBXShellScriptBuildPhase;
			buildActionMask = 2147483647;
			files = (
			);
			inputPaths = (
			);
			name = "[CP] Embed Pods Frameworks";
			outputPaths = (
			);
			runOnlyForDeploymentPostprocessing = 0;
			shellPath = /bin/sh;
			shellScript = "\"${SRCROOT}/Pods/Target Support Files/Pods-MyCanadianBlog/Pods-MyCanadianBlog-frameworks.sh\"\n";
			showEnvVarsInLog = 0;
		};
		4A68E41AC72406754EF9D3F5 /* [CP] Check Pods Manifest.lock */ = {
			isa = PBXShellScriptBuildPhase;
			buildActionMask = 2147483647;
			files = (
			);
			inputPaths = (
			);
			name = "[CP] Check Pods Manifest.lock";
			outputPaths = (
			);
			runOnlyForDeploymentPostprocessing = 0;
			shellPath = /bin/sh;
			shellScript = "diff \"${PODS_ROOT}/../Podfile.lock\" \"${PODS_ROOT}/Manifest.lock\" > /dev/null\nif [[ $? != 0 ]] ; then\n    cat << EOM\nerror: The sandbox is not in sync with the Podfile.lock. Run 'pod install' or update your CocoaPods installation.\nEOM\n    exit 1\nfi\n";
			showEnvVarsInLog = 0;
		};
		7C6449721D6A59C500F9D253 /* ShellScript */ = {
			isa = PBXShellScriptBuildPhase;
			buildActionMask = 2147483647;
			files = (
			);
			inputPaths = (
			);
			outputPaths = (
			);
			runOnlyForDeploymentPostprocessing = 0;
			shellPath = /bin/sh;
			shellScript = "buildNumber=$(/usr/libexec/PlistBuddy -c \"Print CFBundleVersion\" \"$INFOPLIST_FILE\")\nbuildNumber=$(($buildNumber + 1))\n/usr/libexec/PlistBuddy -c \"Set :CFBundleVersion $buildNumber\" \"$INFOPLIST_FILE\"";
		};
		7CA319001D51645B00386A88 /* ShellScript */ = {
			isa = PBXShellScriptBuildPhase;
			buildActionMask = 2147483647;
			files = (
			);
			inputPaths = (
			);
			outputPaths = (
			);
			runOnlyForDeploymentPostprocessing = 0;
			shellPath = /bin/sh;
			shellScript = "\"${PODS_ROOT}/Fabric/run\" 3531274eaab09a39025b19c40ad4036675296dff d272f6b1f443483bf61a55efea0dcf7c6b46826c2cef1051d8a59e4449fc3506";
		};
/* End PBXShellScriptBuildPhase section */

/* Begin PBXSourcesBuildPhase section */
		7C5F31DC1D4F936800F159B5 /* Sources */ = {
			isa = PBXSourcesBuildPhase;
			buildActionMask = 2147483647;
			files = (
				7C5F320E1D4FA2BE00F159B5 /* EVWordPressAPI_Comments.swift in Sources */,
				7C58EEA31D669282007906BC /* Constants.swift in Sources */,
				7C5F32101D4FA2BE00F159B5 /* EVWordPressAPI_FreshlyPressed.swift in Sources */,
				7C73104E1D692F2B000706C1 /* FlickrPhoto.swift in Sources */,
				7C5F31E41D4F936800F159B5 /* AppDelegate.swift in Sources */,
				7C5F32161D4FA2BE00F159B5 /* EVWordPressAPI_Taxonomy.swift in Sources */,
				7C5F32121D4FA2BE00F159B5 /* EVWordPressAPI_Posts.swift in Sources */,
				7C5F320F1D4FA2BE00F159B5 /* EVWordPressAPI_Follow.swift in Sources */,
				7C5F32141D4FA2BE00F159B5 /* EVWordPressAPI_Sites.swift in Sources */,
				7C5F32181D4FA2BE00F159B5 /* EVWordpressData.swift in Sources */,
				7C374FE11D69592C0089FCC8 /* FlickrImageCollectionViewCell.swift in Sources */,
				7C1F09EA1D6F95B400D25F73 /* SimplePostCell.swift in Sources */,
				7C73104B1D692E82000706C1 /* FlickrCollectionViewController.swift in Sources */,
				7C8772251D5412600057F5E8 /* StringExtension.swift in Sources */,
				7C7310471D692550000706C1 /* Flickr.swift in Sources */,
				7C5F320D1D4FA2BE00F159B5 /* EVWordPressAPI.swift in Sources */,
				7C63C87C1D5806F400B234A2 /* PostViewController.swift in Sources */,
				7C5F31FB1D4F95BD00F159B5 /* LastestPostsTableViewController.swift in Sources */,
				7C6449771D6A9DE100F9D253 /* CommentsViewController.swift in Sources */,
				7CADA4631D7116DF00004C9F /* Wordpress.swift in Sources */,
				7C5F32111D4FA2BE00F159B5 /* EVWordPressAPI_Insights.swift in Sources */,
				7C4B335B1D6E7C2400542778 /* SelectedCell.swift in Sources */,
				7C24303E1D6BAC1C004D474A /* CommentTableViewCell.swift in Sources */,
				7C6449791D6A9DF900F9D253 /* AuthorViewController.swift in Sources */,
				7CD7E1121D6F856E00A6340A /* UIImageExtension.swift in Sources */,
				7C6B54C61D6D371000C74AF7 /* Utils.swift in Sources */,
				7C5F32151D4FA2BE00F159B5 /* EVWordPressAPI_Stats.swift in Sources */,
				7C5F32131D4FA2BE00F159B5 /* EVWordPressAPI_Reader.swift in Sources */,
				7C5F32171D4FA2BE00F159B5 /* EVWordPressAPI_Users.swift in Sources */,
				7C5F32191D4FA2BE00F159B5 /* EVWordpressParameters.swift in Sources */,
				7C6B54C81D6D4B3E00C74AF7 /* GFloatExtension.swift in Sources */,
				7C5F31FD1D4F960200F159B5 /* SimplePostWithPhotoCell.swift in Sources */,
				7C58EEA81D66A614007906BC /* TweetsTableViewController.swift in Sources */,
				7CF5ED3A1D6E7203003EB6AE /* PostsWebservice.swift in Sources */,
				7C5F321A1D4FA2BE00F159B5 /* WordPressRequestConvertible.swift in Sources */,
			);
			runOnlyForDeploymentPostprocessing = 0;
		};
/* End PBXSourcesBuildPhase section */

/* Begin PBXVariantGroup section */
		7C5F31EC1D4F936800F159B5 /* LaunchScreen.storyboard */ = {
			isa = PBXVariantGroup;
			children = (
				7C5F31ED1D4F936800F159B5 /* Base */,
			);
			name = LaunchScreen.storyboard;
			sourceTree = "<group>";
		};
/* End PBXVariantGroup section */

/* Begin XCBuildConfiguration section */
		7C5F31F01D4F936800F159B5 /* Debug */ = {
			isa = XCBuildConfiguration;
			buildSettings = {
				ALWAYS_SEARCH_USER_PATHS = NO;
				CLANG_ANALYZER_NONNULL = YES;
				CLANG_CXX_LANGUAGE_STANDARD = "gnu++0x";
				CLANG_CXX_LIBRARY = "libc++";
				CLANG_ENABLE_MODULES = YES;
				CLANG_ENABLE_OBJC_ARC = YES;
				CLANG_WARN_BOOL_CONVERSION = YES;
				CLANG_WARN_CONSTANT_CONVERSION = YES;
				CLANG_WARN_DIRECT_OBJC_ISA_USAGE = YES_ERROR;
				CLANG_WARN_EMPTY_BODY = YES;
				CLANG_WARN_ENUM_CONVERSION = YES;
				CLANG_WARN_INT_CONVERSION = YES;
				CLANG_WARN_OBJC_ROOT_CLASS = YES_ERROR;
				CLANG_WARN_UNREACHABLE_CODE = YES;
				CLANG_WARN__DUPLICATE_METHOD_MATCH = YES;
				"CODE_SIGN_IDENTITY[sdk=iphoneos*]" = "iPhone Developer";
				COPY_PHASE_STRIP = NO;
				DEBUG_INFORMATION_FORMAT = "dwarf-with-dsym";
				ENABLE_STRICT_OBJC_MSGSEND = YES;
				ENABLE_TESTABILITY = YES;
				GCC_C_LANGUAGE_STANDARD = gnu99;
				GCC_DYNAMIC_NO_PIC = NO;
				GCC_NO_COMMON_BLOCKS = YES;
				GCC_OPTIMIZATION_LEVEL = 0;
				GCC_PREPROCESSOR_DEFINITIONS = (
					"DEBUG=1",
					"$(inherited)",
				);
				GCC_WARN_64_TO_32_BIT_CONVERSION = YES;
				GCC_WARN_ABOUT_RETURN_TYPE = YES_ERROR;
				GCC_WARN_UNDECLARED_SELECTOR = YES;
				GCC_WARN_UNINITIALIZED_AUTOS = YES_AGGRESSIVE;
				GCC_WARN_UNUSED_FUNCTION = YES;
				GCC_WARN_UNUSED_VARIABLE = YES;
				IPHONEOS_DEPLOYMENT_TARGET = 9.3;
				MTL_ENABLE_DEBUG_INFO = YES;
				ONLY_ACTIVE_ARCH = YES;
				SDKROOT = iphoneos;
				SWIFT_OPTIMIZATION_LEVEL = "-Onone";
			};
			name = Debug;
		};
		7C5F31F11D4F936800F159B5 /* Release */ = {
			isa = XCBuildConfiguration;
			buildSettings = {
				ALWAYS_SEARCH_USER_PATHS = NO;
				CLANG_ANALYZER_NONNULL = YES;
				CLANG_CXX_LANGUAGE_STANDARD = "gnu++0x";
				CLANG_CXX_LIBRARY = "libc++";
				CLANG_ENABLE_MODULES = YES;
				CLANG_ENABLE_OBJC_ARC = YES;
				CLANG_WARN_BOOL_CONVERSION = YES;
				CLANG_WARN_CONSTANT_CONVERSION = YES;
				CLANG_WARN_DIRECT_OBJC_ISA_USAGE = YES_ERROR;
				CLANG_WARN_EMPTY_BODY = YES;
				CLANG_WARN_ENUM_CONVERSION = YES;
				CLANG_WARN_INT_CONVERSION = YES;
				CLANG_WARN_OBJC_ROOT_CLASS = YES_ERROR;
				CLANG_WARN_UNREACHABLE_CODE = YES;
				CLANG_WARN__DUPLICATE_METHOD_MATCH = YES;
				"CODE_SIGN_IDENTITY[sdk=iphoneos*]" = "iPhone Developer";
				COPY_PHASE_STRIP = NO;
				DEBUG_INFORMATION_FORMAT = "dwarf-with-dsym";
				ENABLE_NS_ASSERTIONS = NO;
				ENABLE_STRICT_OBJC_MSGSEND = YES;
				GCC_C_LANGUAGE_STANDARD = gnu99;
				GCC_NO_COMMON_BLOCKS = YES;
				GCC_WARN_64_TO_32_BIT_CONVERSION = YES;
				GCC_WARN_ABOUT_RETURN_TYPE = YES_ERROR;
				GCC_WARN_UNDECLARED_SELECTOR = YES;
				GCC_WARN_UNINITIALIZED_AUTOS = YES_AGGRESSIVE;
				GCC_WARN_UNUSED_FUNCTION = YES;
				GCC_WARN_UNUSED_VARIABLE = YES;
				IPHONEOS_DEPLOYMENT_TARGET = 9.3;
				MTL_ENABLE_DEBUG_INFO = NO;
				SDKROOT = iphoneos;
				VALIDATE_PRODUCT = YES;
			};
			name = Release;
		};
		7C5F31F31D4F936800F159B5 /* Debug */ = {
			isa = XCBuildConfiguration;
			baseConfigurationReference = B2E8304E5560FE2EB3CB2388 /* Pods-MyCanadianBlog.debug.xcconfig */;
			buildSettings = {
				ASSETCATALOG_COMPILER_APPICON_NAME = AppIcon;
				CODE_SIGN_IDENTITY = "iPhone Developer";
				"CODE_SIGN_IDENTITY[sdk=iphoneos*]" = "iPhone Developer";
				FRAMEWORK_SEARCH_PATHS = (
					"$(inherited)",
					"$(PROJECT_DIR)",
				);
				INFOPLIST_FILE = MyCanadianBlog/Info.plist;
				LD_RUNPATH_SEARCH_PATHS = "$(inherited) @executable_path/Frameworks";
				PRODUCT_BUNDLE_IDENTIFIER = ios.romainmargheriti.mycanadian;
				PRODUCT_NAME = "$(TARGET_NAME)";
				PROVISIONING_PROFILE = "";
				SWIFT_OBJC_BRIDGING_HEADER = "MyCanadianBlog/MCB-Bridging-Header.h";
				TARGETED_DEVICE_FAMILY = 1;
			};
			name = Debug;
		};
		7C5F31F41D4F936800F159B5 /* Release */ = {
			isa = XCBuildConfiguration;
			baseConfigurationReference = 7527BB45A4C7B9D9B873B49D /* Pods-MyCanadianBlog.release.xcconfig */;
			buildSettings = {
				ASSETCATALOG_COMPILER_APPICON_NAME = AppIcon;
				CODE_SIGN_IDENTITY = "iPhone Developer";
				"CODE_SIGN_IDENTITY[sdk=iphoneos*]" = "iPhone Developer";
				FRAMEWORK_SEARCH_PATHS = (
					"$(inherited)",
					"$(PROJECT_DIR)",
				);
				INFOPLIST_FILE = MyCanadianBlog/Info.plist;
				LD_RUNPATH_SEARCH_PATHS = "$(inherited) @executable_path/Frameworks";
				PRODUCT_BUNDLE_IDENTIFIER = ios.romainmargheriti.mycanadian;
				PRODUCT_NAME = "$(TARGET_NAME)";
				PROVISIONING_PROFILE = "";
				SWIFT_OBJC_BRIDGING_HEADER = "MyCanadianBlog/MCB-Bridging-Header.h";
				TARGETED_DEVICE_FAMILY = 1;
			};
			name = Release;
		};
/* End XCBuildConfiguration section */

/* Begin XCConfigurationList section */
		7C5F31DB1D4F936800F159B5 /* Build configuration list for PBXProject "MyCanadianBlog" */ = {
			isa = XCConfigurationList;
			buildConfigurations = (
				7C5F31F01D4F936800F159B5 /* Debug */,
				7C5F31F11D4F936800F159B5 /* Release */,
			);
			defaultConfigurationIsVisible = 0;
			defaultConfigurationName = Release;
		};
		7C5F31F21D4F936800F159B5 /* Build configuration list for PBXNativeTarget "MyCanadianBlog" */ = {
			isa = XCConfigurationList;
			buildConfigurations = (
				7C5F31F31D4F936800F159B5 /* Debug */,
				7C5F31F41D4F936800F159B5 /* Release */,
			);
			defaultConfigurationIsVisible = 0;
			defaultConfigurationName = Release;
		};
/* End XCConfigurationList section */
	};
	rootObject = 7C5F31D81D4F936800F159B5 /* Project object */;
}
