// !$*UTF8*$!
{
	archiveVersion = 1;
	classes = {
	};
	objectVersion = 46;
	objects = {

/* Begin PBXBuildFile section */
		7C5F31E41D4F936800F159B5 /* AppDelegate.swift in Sources */ = {isa = PBXBuildFile; fileRef = 7C5F31E31D4F936800F159B5 /* AppDelegate.swift */; };
		7C5F31E61D4F936800F159B5 /* ViewController.swift in Sources */ = {isa = PBXBuildFile; fileRef = 7C5F31E51D4F936800F159B5 /* ViewController.swift */; };
		7C5F31E91D4F936800F159B5 /* Main.storyboard in Resources */ = {isa = PBXBuildFile; fileRef = 7C5F31E71D4F936800F159B5 /* Main.storyboard */; };
		7C5F31EB1D4F936800F159B5 /* Assets.xcassets in Resources */ = {isa = PBXBuildFile; fileRef = 7C5F31EA1D4F936800F159B5 /* Assets.xcassets */; };
		7C5F31EE1D4F936800F159B5 /* LaunchScreen.storyboard in Resources */ = {isa = PBXBuildFile; fileRef = 7C5F31EC1D4F936800F159B5 /* LaunchScreen.storyboard */; };
/* End PBXBuildFile section */

/* Begin PBXFileReference section */
		7C5F31E01D4F936800F159B5 /* MyCanadianBlog.app */ = {isa = PBXFileReference; explicitFileType = wrapper.application; includeInIndex = 0; path = MyCanadianBlog.app; sourceTree = BUILT_PRODUCTS_DIR; };
		7C5F31E31D4F936800F159B5 /* AppDelegate.swift */ = {isa = PBXFileReference; lastKnownFileType = sourcecode.swift; path = AppDelegate.swift; sourceTree = "<group>"; };
		7C5F31E51D4F936800F159B5 /* ViewController.swift */ = {isa = PBXFileReference; lastKnownFileType = sourcecode.swift; path = ViewController.swift; sourceTree = "<group>"; };
		7C5F31E81D4F936800F159B5 /* Base */ = {isa = PBXFileReference; lastKnownFileType = file.storyboard; name = Base; path = Base.lproj/Main.storyboard; sourceTree = "<group>"; };
		7C5F31EA1D4F936800F159B5 /* Assets.xcassets */ = {isa = PBXFileReference; lastKnownFileType = folder.assetcatalog; path = Assets.xcassets; sourceTree = "<group>"; };
		7C5F31ED1D4F936800F159B5 /* Base */ = {isa = PBXFileReference; lastKnownFileType = file.storyboard; name = Base; path = Base.lproj/LaunchScreen.storyboard; sourceTree = "<group>"; };
		7C5F31EF1D4F936800F159B5 /* Info.plist */ = {isa = PBXFileReference; lastKnownFileType = text.plist.xml; path = Info.plist; sourceTree = "<group>"; };
/* End PBXFileReference section */

/* Begin PBXFrameworksBuildPhase section */
		7C5F31DD1D4F936800F159B5 /* Frameworks */ = {
			isa = PBXFrameworksBuildPhase;
			buildActionMask = 2147483647;
			files = (
			);
			runOnlyForDeploymentPostprocessing = 0;
		};
/* End PBXFrameworksBuildPhase section */

/* Begin PBXGroup section */
		7C5F31D71D4F936800F159B5 = {
			isa = PBXGroup;
			children = (
				7C5F31E21D4F936800F159B5 /* MyCanadianBlog */,
				7C5F31E11D4F936800F159B5 /* Products */,
			);
			sourceTree = "<group>";
		};
		7C5F31E11D4F936800F159B5 /* Products */ = {
			isa = PBXGroup;
			children = (
				7C5F31E01D4F936800F159B5 /* MyCanadianBlog.app */,
			);
			name = Products;
			sourceTree = "<group>";
		};
		7C5F31E21D4F936800F159B5 /* MyCanadianBlog */ = {
			isa = PBXGroup;
			children = (
				7C5F31E31D4F936800F159B5 /* AppDelegate.swift */,
				7C5F31E51D4F936800F159B5 /* ViewController.swift */,
				7C5F31E71D4F936800F159B5 /* Main.storyboard */,
				7C5F31EA1D4F936800F159B5 /* Assets.xcassets */,
				7C5F31EC1D4F936800F159B5 /* LaunchScreen.storyboard */,
				7C5F31EF1D4F936800F159B5 /* Info.plist */,
			);
			path = MyCanadianBlog;
			sourceTree = "<group>";
		};
/* End PBXGroup section */

/* Begin PBXNativeTarget section */
		7C5F31DF1D4F936800F159B5 /* MyCanadianBlog */ = {
			isa = PBXNativeTarget;
			buildConfigurationList = 7C5F31F21D4F936800F159B5 /* Build configuration list for PBXNativeTarget "MyCanadianBlog" */;
			buildPhases = (
				7C5F31DC1D4F936800F159B5 /* Sources */,
				7C5F31DD1D4F936800F159B5 /* Frameworks */,
				7C5F31DE1D4F936800F159B5 /* Resources */,
			);
			buildRules = (
			);
			dependencies = (
			);
			name = MyCanadianBlog;
			productName = MyCanadianBlog;
			productReference = 7C5F31E01D4F936800F159B5 /* MyCanadianBlog.app */;
			productType = "com.apple.product-type.application";
		};
/* End PBXNativeTarget section */

/* Begin PBXProject section */
		7C5F31D81D4F936800F159B5 /* Project object */ = {
			isa = PBXProject;
			attributes = {
				LastSwiftUpdateCheck = 0730;
				LastUpgradeCheck = 0730;
				ORGANIZATIONNAME = "Romain Margheriti";
				TargetAttributes = {
					7C5F31DF1D4F936800F159B5 = {
						CreatedOnToolsVersion = 7.3.1;
						DevelopmentTeam = 9D55XNG5YK;
					};
				};
			};
			buildConfigurationList = 7C5F31DB1D4F936800F159B5 /* Build configuration list for PBXProject "MyCanadianBlog" */;
			compatibilityVersion = "Xcode 3.2";
			developmentRegion = English;
			hasScannedForEncodings = 0;
			knownRegions = (
				en,
				Base,
			);
			mainGroup = 7C5F31D71D4F936800F159B5;
			productRefGroup = 7C5F31E11D4F936800F159B5 /* Products */;
			projectDirPath = "";
			projectRoot = "";
			targets = (
				7C5F31DF1D4F936800F159B5 /* MyCanadianBlog */,
			);
		};
/* End PBXProject section */

/* Begin PBXResourcesBuildPhase section */
		7C5F31DE1D4F936800F159B5 /* Resources */ = {
			isa = PBXResourcesBuildPhase;
			buildActionMask = 2147483647;
			files = (
				7C5F31EE1D4F936800F159B5 /* LaunchScreen.storyboard in Resources */,
				7C5F31EB1D4F936800F159B5 /* Assets.xcassets in Resources */,
				7C5F31E91D4F936800F159B5 /* Main.storyboard in Resources */,
			);
			runOnlyForDeploymentPostprocessing = 0;
		};
/* End PBXResourcesBuildPhase section */

/* Begin PBXSourcesBuildPhase section */
		7C5F31DC1D4F936800F159B5 /* Sources */ = {
			isa = PBXSourcesBuildPhase;
			buildActionMask = 2147483647;
			files = (
				7C5F31E61D4F936800F159B5 /* ViewController.swift in Sources */,
				7C5F31E41D4F936800F159B5 /* AppDelegate.swift in Sources */,
			);
			runOnlyForDeploymentPostprocessing = 0;
		};
/* End PBXSourcesBuildPhase section */

/* Begin PBXVariantGroup section */
		7C5F31E71D4F936800F159B5 /* Main.storyboard */ = {
			isa = PBXVariantGroup;
			children = (
				7C5F31E81D4F936800F159B5 /* Base */,
			);
			name = Main.storyboard;
			sourceTree = "<group>";
		};
		7C5F31EC1D4F936800F159B5 /* LaunchScreen.storyboard */ = {
			isa = PBXVariantGroup;
			children = (
				7C5F31ED1D4F936800F159B5 /* Base */,
			);
			name = LaunchScreen.storyboard;
			sourceTree = "<group>";
		};
/* End PBXVariantGroup section */

/* Begin XCBuildConfiguration section */
		7C5F31F01D4F936800F159B5 /* Debug */ = {
			isa = XCBuildConfiguration;
			buildSettings = {
				ALWAYS_SEARCH_USER_PATHS = NO;
				CLANG_ANALYZER_NONNULL = YES;
				CLANG_CXX_LANGUAGE_STANDARD = "gnu++0x";
				CLANG_CXX_LIBRARY = "libc++";
				CLANG_ENABLE_MODULES = YES;
				CLANG_ENABLE_OBJC_ARC = YES;
				CLANG_WARN_BOOL_CONVERSION = YES;
				CLANG_WARN_CONSTANT_CONVERSION = YES;
				CLANG_WARN_DIRECT_OBJC_ISA_USAGE = YES_ERROR;
				CLANG_WARN_EMPTY_BODY = YES;
				CLANG_WARN_ENUM_CONVERSION = YES;
				CLANG_WARN_INT_CONVERSION = YES;
				CLANG_WARN_OBJC_ROOT_CLASS = YES_ERROR;
				CLANG_WARN_UNREACHABLE_CODE = YES;
				CLANG_WARN__DUPLICATE_METHOD_MATCH = YES;
				"CODE_SIGN_IDENTITY[sdk=iphoneos*]" = "iPhone Developer";
				COPY_PHASE_STRIP = NO;
				DEBUG_INFORMATION_FORMAT = dwarf;
				ENABLE_STRICT_OBJC_MSGSEND = YES;
				ENABLE_TESTABILITY = YES;
				GCC_C_LANGUAGE_STANDARD = gnu99;
				GCC_DYNAMIC_NO_PIC = NO;
				GCC_NO_COMMON_BLOCKS = YES;
				GCC_OPTIMIZATION_LEVEL = 0;
				GCC_PREPROCESSOR_DEFINITIONS = (
					"DEBUG=1",
					"$(inherited)",
				);
				GCC_WARN_64_TO_32_BIT_CONVERSION = YES;
				GCC_WARN_ABOUT_RETURN_TYPE = YES_ERROR;
				GCC_WARN_UNDECLARED_SELECTOR = YES;
				GCC_WARN_UNINITIALIZED_AUTOS = YES_AGGRESSIVE;
				GCC_WARN_UNUSED_FUNCTION = YES;
				GCC_WARN_UNUSED_VARIABLE = YES;
				IPHONEOS_DEPLOYMENT_TARGET = 9.3;
				MTL_ENABLE_DEBUG_INFO = YES;
				ONLY_ACTIVE_ARCH = YES;
				SDKROOT = iphoneos;
				SWIFT_OPTIMIZATION_LEVEL = "-Onone";
			};
			name = Debug;
		};
		7C5F31F11D4F936800F159B5 /* Release */ = {
			isa = XCBuildConfiguration;
			buildSettings = {
				ALWAYS_SEARCH_USER_PATHS = NO;
				CLANG_ANALYZER_NONNULL = YES;
				CLANG_CXX_LANGUAGE_STANDARD = "gnu++0x";
				CLANG_CXX_LIBRARY = "libc++";
				CLANG_ENABLE_MODULES = YES;
				CLANG_ENABLE_OBJC_ARC = YES;
				CLANG_WARN_BOOL_CONVERSION = YES;
				CLANG_WARN_CONSTANT_CONVERSION = YES;
				CLANG_WARN_DIRECT_OBJC_ISA_USAGE = YES_ERROR;
				CLANG_WARN_EMPTY_BODY = YES;
				CLANG_WARN_ENUM_CONVERSION = YES;
				CLANG_WARN_INT_CONVERSION = YES;
				CLANG_WARN_OBJC_ROOT_CLASS = YES_ERROR;
				CLANG_WARN_UNREACHABLE_CODE = YES;
				CLANG_WARN__DUPLICATE_METHOD_MATCH = YES;
				"CODE_SIGN_IDENTITY[sdk=iphoneos*]" = "iPhone Developer";
				COPY_PHASE_STRIP = NO;
				DEBUG_INFORMATION_FORMAT = "dwarf-with-dsym";
				ENABLE_NS_ASSERTIONS = NO;
				ENABLE_STRICT_OBJC_MSGSEND = YES;
				GCC_C_LANGUAGE_STANDARD = gnu99;
				GCC_NO_COMMON_BLOCKS = YES;
				GCC_WARN_64_TO_32_BIT_CONVERSION = YES;
				GCC_WARN_ABOUT_RETURN_TYPE = YES_ERROR;
				GCC_WARN_UNDECLARED_SELECTOR = YES;
				GCC_WARN_UNINITIALIZED_AUTOS = YES_AGGRESSIVE;
				GCC_WARN_UNUSED_FUNCTION = YES;
				GCC_WARN_UNUSED_VARIABLE = YES;
				IPHONEOS_DEPLOYMENT_TARGET = 9.3;
				MTL_ENABLE_DEBUG_INFO = NO;
				SDKROOT = iphoneos;
				VALIDATE_PRODUCT = YES;
			};
			name = Release;
		};
		7C5F31F31D4F936800F159B5 /* Debug */ = {
			isa = XCBuildConfiguration;
			buildSettings = {
				ASSETCATALOG_COMPILER_APPICON_NAME = AppIcon;
				INFOPLIST_FILE = MyCanadianBlog/Info.plist;
				LD_RUNPATH_SEARCH_PATHS = "$(inherited) @executable_path/Frameworks";
				PRODUCT_BUNDLE_IDENTIFIER = dev.romainmargheriti.com.MyCanadianBlog;
				PRODUCT_NAME = "$(TARGET_NAME)";
			};
			name = Debug;
		};
		7C5F31F41D4F936800F159B5 /* Release */ = {
			isa = XCBuildConfiguration;
			buildSettings = {
				ASSETCATALOG_COMPILER_APPICON_NAME = AppIcon;
				INFOPLIST_FILE = MyCanadianBlog/Info.plist;
				LD_RUNPATH_SEARCH_PATHS = "$(inherited) @executable_path/Frameworks";
				PRODUCT_BUNDLE_IDENTIFIER = dev.romainmargheriti.com.MyCanadianBlog;
				PRODUCT_NAME = "$(TARGET_NAME)";
			};
			name = Release;
		};
/* End XCBuildConfiguration section */

/* Begin XCConfigurationList section */
		7C5F31DB1D4F936800F159B5 /* Build configuration list for PBXProject "MyCanadianBlog" */ = {
			isa = XCConfigurationList;
			buildConfigurations = (
				7C5F31F01D4F936800F159B5 /* Debug */,
				7C5F31F11D4F936800F159B5 /* Release */,
			);
			defaultConfigurationIsVisible = 0;
			defaultConfigurationName = Release;
		};
		7C5F31F21D4F936800F159B5 /* Build configuration list for PBXNativeTarget "MyCanadianBlog" */ = {
			isa = XCConfigurationList;
			buildConfigurations = (
				7C5F31F31D4F936800F159B5 /* Debug */,
				7C5F31F41D4F936800F159B5 /* Release */,
			);
			defaultConfigurationIsVisible = 0;
		};
/* End XCConfigurationList section */
	};
	rootObject = 7C5F31D81D4F936800F159B5 /* Project object */;
}
